// !$*UTF8*$!
{
	archiveVersion = 1;
	classes = {
	};
	objectVersion = 55;
	objects = {

/* Begin PBXBuildFile section */
		4145249D277E60F9009FB40B /* AppDelegate.swift in Sources */ = {isa = PBXBuildFile; fileRef = 4145249C277E60F9009FB40B /* AppDelegate.swift */; };
		4145249F277E60F9009FB40B /* SceneDelegate.swift in Sources */ = {isa = PBXBuildFile; fileRef = 4145249E277E60F9009FB40B /* SceneDelegate.swift */; };
		414524A1277E60F9009FB40B /* ViewController.swift in Sources */ = {isa = PBXBuildFile; fileRef = 414524A0277E60F9009FB40B /* ViewController.swift */; };
		414524A4277E60F9009FB40B /* Main.storyboard in Resources */ = {isa = PBXBuildFile; fileRef = 414524A2277E60F9009FB40B /* Main.storyboard */; };
		414524A6277E60FA009FB40B /* Assets.xcassets in Resources */ = {isa = PBXBuildFile; fileRef = 414524A5277E60FA009FB40B /* Assets.xcassets */; };
		414524A9277E60FA009FB40B /* LaunchScreen.storyboard in Resources */ = {isa = PBXBuildFile; fileRef = 414524A7277E60FA009FB40B /* LaunchScreen.storyboard */; };
		414524B4277E60FB009FB40B /* TripPlannerTests.swift in Sources */ = {isa = PBXBuildFile; fileRef = 414524B3277E60FB009FB40B /* TripPlannerTests.swift */; };
		414524BE277E60FB009FB40B /* TripPlannerUITests.swift in Sources */ = {isa = PBXBuildFile; fileRef = 414524BD277E60FB009FB40B /* TripPlannerUITests.swift */; };
		414524C0277E60FB009FB40B /* TripPlannerUITestsLaunchTests.swift in Sources */ = {isa = PBXBuildFile; fileRef = 414524BF277E60FB009FB40B /* TripPlannerUITestsLaunchTests.swift */; };
		41803B03278284320040D366 /* run.sh in Resources */ = {isa = PBXBuildFile; fileRef = 41803B02278284320040D366 /* run.sh */; };
		41803B04278284320040D366 /* run.sh in Resources */ = {isa = PBXBuildFile; fileRef = 41803B02278284320040D366 /* run.sh */; };
		41803B05278284320040D366 /* run.sh in Resources */ = {isa = PBXBuildFile; fileRef = 41803B02278284320040D366 /* run.sh */; };
/* End PBXBuildFile section */

/* Begin PBXContainerItemProxy section */
		414524B0277E60FB009FB40B /* PBXContainerItemProxy */ = {
			isa = PBXContainerItemProxy;
			containerPortal = 41452491277E60F9009FB40B /* Project object */;
			proxyType = 1;
			remoteGlobalIDString = 41452498277E60F9009FB40B;
			remoteInfo = TripPlanner;
		};
		414524BA277E60FB009FB40B /* PBXContainerItemProxy */ = {
			isa = PBXContainerItemProxy;
			containerPortal = 41452491277E60F9009FB40B /* Project object */;
			proxyType = 1;
			remoteGlobalIDString = 41452498277E60F9009FB40B;
			remoteInfo = TripPlanner;
		};
/* End PBXContainerItemProxy section */

/* Begin PBXFileReference section */
		41452499277E60F9009FB40B /* TripPlanner.app */ = {isa = PBXFileReference; explicitFileType = wrapper.application; includeInIndex = 0; path = TripPlanner.app; sourceTree = BUILT_PRODUCTS_DIR; };
		4145249C277E60F9009FB40B /* AppDelegate.swift */ = {isa = PBXFileReference; lastKnownFileType = sourcecode.swift; path = AppDelegate.swift; sourceTree = "<group>"; };
		4145249E277E60F9009FB40B /* SceneDelegate.swift */ = {isa = PBXFileReference; lastKnownFileType = sourcecode.swift; path = SceneDelegate.swift; sourceTree = "<group>"; };
		414524A0277E60F9009FB40B /* ViewController.swift */ = {isa = PBXFileReference; lastKnownFileType = sourcecode.swift; path = ViewController.swift; sourceTree = "<group>"; };
		414524A3277E60F9009FB40B /* Base */ = {isa = PBXFileReference; lastKnownFileType = file.storyboard; name = Base; path = Base.lproj/Main.storyboard; sourceTree = "<group>"; };
		414524A5277E60FA009FB40B /* Assets.xcassets */ = {isa = PBXFileReference; lastKnownFileType = folder.assetcatalog; path = Assets.xcassets; sourceTree = "<group>"; };
		414524A8277E60FA009FB40B /* Base */ = {isa = PBXFileReference; lastKnownFileType = file.storyboard; name = Base; path = Base.lproj/LaunchScreen.storyboard; sourceTree = "<group>"; };
		414524AA277E60FA009FB40B /* Info.plist */ = {isa = PBXFileReference; lastKnownFileType = text.plist.xml; path = Info.plist; sourceTree = "<group>"; };
		414524AF277E60FB009FB40B /* TripPlannerTests.xctest */ = {isa = PBXFileReference; explicitFileType = wrapper.cfbundle; includeInIndex = 0; path = TripPlannerTests.xctest; sourceTree = BUILT_PRODUCTS_DIR; };
		414524B3277E60FB009FB40B /* TripPlannerTests.swift */ = {isa = PBXFileReference; lastKnownFileType = sourcecode.swift; path = TripPlannerTests.swift; sourceTree = "<group>"; };
		414524B9277E60FB009FB40B /* TripPlannerUITests.xctest */ = {isa = PBXFileReference; explicitFileType = wrapper.cfbundle; includeInIndex = 0; path = TripPlannerUITests.xctest; sourceTree = BUILT_PRODUCTS_DIR; };
		414524BD277E60FB009FB40B /* TripPlannerUITests.swift */ = {isa = PBXFileReference; lastKnownFileType = sourcecode.swift; path = TripPlannerUITests.swift; sourceTree = "<group>"; };
		414524BF277E60FB009FB40B /* TripPlannerUITestsLaunchTests.swift */ = {isa = PBXFileReference; lastKnownFileType = sourcecode.swift; path = TripPlannerUITestsLaunchTests.swift; sourceTree = "<group>"; };
		41803B02278284320040D366 /* run.sh */ = {isa = PBXFileReference; lastKnownFileType = text.script.sh; path = run.sh; sourceTree = "<group>"; };
/* End PBXFileReference section */

/* Begin PBXFrameworksBuildPhase section */
		41452496277E60F9009FB40B /* Frameworks */ = {
			isa = PBXFrameworksBuildPhase;
			buildActionMask = 2147483647;
			files = (
			);
			runOnlyForDeploymentPostprocessing = 0;
		};
		414524AC277E60FB009FB40B /* Frameworks */ = {
			isa = PBXFrameworksBuildPhase;
			buildActionMask = 2147483647;
			files = (
			);
			runOnlyForDeploymentPostprocessing = 0;
		};
		414524B6277E60FB009FB40B /* Frameworks */ = {
			isa = PBXFrameworksBuildPhase;
			buildActionMask = 2147483647;
			files = (
			);
			runOnlyForDeploymentPostprocessing = 0;
		};
/* End PBXFrameworksBuildPhase section */

/* Begin PBXGroup section */
		41452490277E60F9009FB40B = {
			isa = PBXGroup;
			children = (
				41803B01278284100040D366 /* scripts */,
				4145249B277E60F9009FB40B /* TripPlanner */,
				414524B2277E60FB009FB40B /* TripPlannerTests */,
				414524BC277E60FB009FB40B /* TripPlannerUITests */,
				4145249A277E60F9009FB40B /* Products */,
			);
			sourceTree = "<group>";
		};
		4145249A277E60F9009FB40B /* Products */ = {
			isa = PBXGroup;
			children = (
				41452499277E60F9009FB40B /* TripPlanner.app */,
				414524AF277E60FB009FB40B /* TripPlannerTests.xctest */,
				414524B9277E60FB009FB40B /* TripPlannerUITests.xctest */,
			);
			name = Products;
			sourceTree = "<group>";
		};
		4145249B277E60F9009FB40B /* TripPlanner */ = {
			isa = PBXGroup;
			children = (
				4145249C277E60F9009FB40B /* AppDelegate.swift */,
				4145249E277E60F9009FB40B /* SceneDelegate.swift */,
				414524A0277E60F9009FB40B /* ViewController.swift */,
				414524A2277E60F9009FB40B /* Main.storyboard */,
				414524A5277E60FA009FB40B /* Assets.xcassets */,
				414524A7277E60FA009FB40B /* LaunchScreen.storyboard */,
				414524AA277E60FA009FB40B /* Info.plist */,
			);
			path = TripPlanner;
			sourceTree = "<group>";
		};
		414524B2277E60FB009FB40B /* TripPlannerTests */ = {
			isa = PBXGroup;
			children = (
				414524B3277E60FB009FB40B /* TripPlannerTests.swift */,
			);
			path = TripPlannerTests;
			sourceTree = "<group>";
		};
		414524BC277E60FB009FB40B /* TripPlannerUITests */ = {
			isa = PBXGroup;
			children = (
				414524BD277E60FB009FB40B /* TripPlannerUITests.swift */,
				414524BF277E60FB009FB40B /* TripPlannerUITestsLaunchTests.swift */,
			);
			path = TripPlannerUITests;
			sourceTree = "<group>";
		};
		41803B01278284100040D366 /* scripts */ = {
			isa = PBXGroup;
			children = (
				41803B02278284320040D366 /* run.sh */,
			);
			path = scripts;
			sourceTree = "<group>";
		};
/* End PBXGroup section */

/* Begin PBXNativeTarget section */
		41452498277E60F9009FB40B /* TripPlanner */ = {
			isa = PBXNativeTarget;
			buildConfigurationList = 414524C3277E60FB009FB40B /* Build configuration list for PBXNativeTarget "TripPlanner" */;
			buildPhases = (
				41452495277E60F9009FB40B /* Sources */,
				41452496277E60F9009FB40B /* Frameworks */,
				41452497277E60F9009FB40B /* Resources */,
			);
			buildRules = (
			);
			dependencies = (
			);
			name = TripPlanner;
			productName = TripPlanner;
			productReference = 41452499277E60F9009FB40B /* TripPlanner.app */;
			productType = "com.apple.product-type.application";
		};
		414524AE277E60FB009FB40B /* TripPlannerTests */ = {
			isa = PBXNativeTarget;
			buildConfigurationList = 414524C6277E60FB009FB40B /* Build configuration list for PBXNativeTarget "TripPlannerTests" */;
			buildPhases = (
				414524AB277E60FB009FB40B /* Sources */,
				414524AC277E60FB009FB40B /* Frameworks */,
				414524AD277E60FB009FB40B /* Resources */,
			);
			buildRules = (
			);
			dependencies = (
				414524B1277E60FB009FB40B /* PBXTargetDependency */,
			);
			name = TripPlannerTests;
			productName = TripPlannerTests;
			productReference = 414524AF277E60FB009FB40B /* TripPlannerTests.xctest */;
			productType = "com.apple.product-type.bundle.unit-test";
		};
		414524B8277E60FB009FB40B /* TripPlannerUITests */ = {
			isa = PBXNativeTarget;
			buildConfigurationList = 414524C9277E60FB009FB40B /* Build configuration list for PBXNativeTarget "TripPlannerUITests" */;
			buildPhases = (
				414524B5277E60FB009FB40B /* Sources */,
				414524B6277E60FB009FB40B /* Frameworks */,
				414524B7277E60FB009FB40B /* Resources */,
			);
			buildRules = (
			);
			dependencies = (
				414524BB277E60FB009FB40B /* PBXTargetDependency */,
			);
			name = TripPlannerUITests;
			productName = TripPlannerUITests;
			productReference = 414524B9277E60FB009FB40B /* TripPlannerUITests.xctest */;
			productType = "com.apple.product-type.bundle.ui-testing";
		};
/* End PBXNativeTarget section */

/* Begin PBXProject section */
		41452491277E60F9009FB40B /* Project object */ = {
			isa = PBXProject;
			attributes = {
				BuildIndependentTargetsInParallel = 1;
				LastSwiftUpdateCheck = 1320;
				LastUpgradeCheck = 1320;
				TargetAttributes = {
					41452498277E60F9009FB40B = {
						CreatedOnToolsVersion = 13.2.1;
					};
					414524AE277E60FB009FB40B = {
						CreatedOnToolsVersion = 13.2.1;
						TestTargetID = 41452498277E60F9009FB40B;
					};
					414524B8277E60FB009FB40B = {
						CreatedOnToolsVersion = 13.2.1;
						TestTargetID = 41452498277E60F9009FB40B;
					};
				};
			};
			buildConfigurationList = 41452494277E60F9009FB40B /* Build configuration list for PBXProject "TripPlanner" */;
			compatibilityVersion = "Xcode 13.0";
			developmentRegion = en;
			hasScannedForEncodings = 0;
			knownRegions = (
				en,
				Base,
			);
			mainGroup = 41452490277E60F9009FB40B;
			productRefGroup = 4145249A277E60F9009FB40B /* Products */;
			projectDirPath = "";
			projectRoot = "";
			targets = (
				41452498277E60F9009FB40B /* TripPlanner */,
				414524AE277E60FB009FB40B /* TripPlannerTests */,
				414524B8277E60FB009FB40B /* TripPlannerUITests */,
			);
		};
/* End PBXProject section */

/* Begin PBXResourcesBuildPhase section */
		41452497277E60F9009FB40B /* Resources */ = {
			isa = PBXResourcesBuildPhase;
			buildActionMask = 2147483647;
			files = (
				41803B03278284320040D366 /* run.sh in Resources */,
				414524A9277E60FA009FB40B /* LaunchScreen.storyboard in Resources */,
				414524A6277E60FA009FB40B /* Assets.xcassets in Resources */,
				414524A4277E60F9009FB40B /* Main.storyboard in Resources */,
			);
			runOnlyForDeploymentPostprocessing = 0;
		};
		414524AD277E60FB009FB40B /* Resources */ = {
			isa = PBXResourcesBuildPhase;
			buildActionMask = 2147483647;
			files = (
				41803B04278284320040D366 /* run.sh in Resources */,
			);
			runOnlyForDeploymentPostprocessing = 0;
		};
		414524B7277E60FB009FB40B /* Resources */ = {
			isa = PBXResourcesBuildPhase;
			buildActionMask = 2147483647;
			files = (
				41803B05278284320040D366 /* run.sh in Resources */,
			);
			runOnlyForDeploymentPostprocessing = 0;
		};
/* End PBXResourcesBuildPhase section */

/* Begin PBXSourcesBuildPhase section */
		41452495277E60F9009FB40B /* Sources */ = {
			isa = PBXSourcesBuildPhase;
			buildActionMask = 2147483647;
			files = (
				414524A1277E60F9009FB40B /* ViewController.swift in Sources */,
				4145249D277E60F9009FB40B /* AppDelegate.swift in Sources */,
				4145249F277E60F9009FB40B /* SceneDelegate.swift in Sources */,
			);
			runOnlyForDeploymentPostprocessing = 0;
		};
		414524AB277E60FB009FB40B /* Sources */ = {
			isa = PBXSourcesBuildPhase;
			buildActionMask = 2147483647;
			files = (
				414524B4277E60FB009FB40B /* TripPlannerTests.swift in Sources */,
			);
			runOnlyForDeploymentPostprocessing = 0;
		};
		414524B5277E60FB009FB40B /* Sources */ = {
			isa = PBXSourcesBuildPhase;
			buildActionMask = 2147483647;
			files = (
				414524C0277E60FB009FB40B /* TripPlannerUITestsLaunchTests.swift in Sources */,
				414524BE277E60FB009FB40B /* TripPlannerUITests.swift in Sources */,
			);
			runOnlyForDeploymentPostprocessing = 0;
		};
/* End PBXSourcesBuildPhase section */

/* Begin PBXTargetDependency section */
		414524B1277E60FB009FB40B /* PBXTargetDependency */ = {
			isa = PBXTargetDependency;
			target = 41452498277E60F9009FB40B /* TripPlanner */;
			targetProxy = 414524B0277E60FB009FB40B /* PBXContainerItemProxy */;
		};
		414524BB277E60FB009FB40B /* PBXTargetDependency */ = {
			isa = PBXTargetDependency;
			target = 41452498277E60F9009FB40B /* TripPlanner */;
			targetProxy = 414524BA277E60FB009FB40B /* PBXContainerItemProxy */;
		};
/* End PBXTargetDependency section */

/* Begin PBXVariantGroup section */
		414524A2277E60F9009FB40B /* Main.storyboard */ = {
			isa = PBXVariantGroup;
			children = (
				414524A3277E60F9009FB40B /* Base */,
			);
			name = Main.storyboard;
			sourceTree = "<group>";
		};
		414524A7277E60FA009FB40B /* LaunchScreen.storyboard */ = {
			isa = PBXVariantGroup;
			children = (
				414524A8277E60FA009FB40B /* Base */,
			);
			name = LaunchScreen.storyboard;
			sourceTree = "<group>";
		};
/* End PBXVariantGroup section */

/* Begin XCBuildConfiguration section */
		414524C1277E60FB009FB40B /* Debug */ = {
			isa = XCBuildConfiguration;
			buildSettings = {
				ALWAYS_SEARCH_USER_PATHS = NO;
				CLANG_ANALYZER_NONNULL = YES;
				CLANG_ANALYZER_NUMBER_OBJECT_CONVERSION = YES_AGGRESSIVE;
				CLANG_CXX_LANGUAGE_STANDARD = "gnu++17";
				CLANG_CXX_LIBRARY = "libc++";
				CLANG_ENABLE_MODULES = YES;
				CLANG_ENABLE_OBJC_ARC = YES;
				CLANG_ENABLE_OBJC_WEAK = YES;
				CLANG_WARN_BLOCK_CAPTURE_AUTORELEASING = YES;
				CLANG_WARN_BOOL_CONVERSION = YES;
				CLANG_WARN_COMMA = YES;
				CLANG_WARN_CONSTANT_CONVERSION = YES;
				CLANG_WARN_DEPRECATED_OBJC_IMPLEMENTATIONS = YES;
				CLANG_WARN_DIRECT_OBJC_ISA_USAGE = YES_ERROR;
				CLANG_WARN_DOCUMENTATION_COMMENTS = YES;
				CLANG_WARN_EMPTY_BODY = YES;
				CLANG_WARN_ENUM_CONVERSION = YES;
				CLANG_WARN_INFINITE_RECURSION = YES;
				CLANG_WARN_INT_CONVERSION = YES;
				CLANG_WARN_NON_LITERAL_NULL_CONVERSION = YES;
				CLANG_WARN_OBJC_IMPLICIT_RETAIN_SELF = YES;
				CLANG_WARN_OBJC_LITERAL_CONVERSION = YES;
				CLANG_WARN_OBJC_ROOT_CLASS = YES_ERROR;
				CLANG_WARN_QUOTED_INCLUDE_IN_FRAMEWORK_HEADER = YES;
				CLANG_WARN_RANGE_LOOP_ANALYSIS = YES;
				CLANG_WARN_STRICT_PROTOTYPES = YES;
				CLANG_WARN_SUSPICIOUS_MOVE = YES;
				CLANG_WARN_UNGUARDED_AVAILABILITY = YES_AGGRESSIVE;
				CLANG_WARN_UNREACHABLE_CODE = YES;
				CLANG_WARN__DUPLICATE_METHOD_MATCH = YES;
				COPY_PHASE_STRIP = NO;
				DEBUG_INFORMATION_FORMAT = dwarf;
				ENABLE_STRICT_OBJC_MSGSEND = YES;
				ENABLE_TESTABILITY = YES;
				GCC_C_LANGUAGE_STANDARD = gnu11;
				GCC_DYNAMIC_NO_PIC = NO;
				GCC_NO_COMMON_BLOCKS = YES;
				GCC_OPTIMIZATION_LEVEL = 0;
				GCC_PREPROCESSOR_DEFINITIONS = (
					"DEBUG=1",
					"$(inherited)",
				);
				GCC_WARN_64_TO_32_BIT_CONVERSION = YES;
				GCC_WARN_ABOUT_RETURN_TYPE = YES_ERROR;
				GCC_WARN_UNDECLARED_SELECTOR = YES;
				GCC_WARN_UNINITIALIZED_AUTOS = YES_AGGRESSIVE;
				GCC_WARN_UNUSED_FUNCTION = YES;
				GCC_WARN_UNUSED_VARIABLE = YES;
				IPHONEOS_DEPLOYMENT_TARGET = 14.0;
				MTL_ENABLE_DEBUG_INFO = INCLUDE_SOURCE;
				MTL_FAST_MATH = YES;
				ONLY_ACTIVE_ARCH = YES;
				SDKROOT = iphoneos;
				SWIFT_ACTIVE_COMPILATION_CONDITIONS = DEBUG;
				SWIFT_OPTIMIZATION_LEVEL = "-Onone";
			};
			name = Debug;
		};
		414524C2277E60FB009FB40B /* Release */ = {
			isa = XCBuildConfiguration;
			buildSettings = {
				ALWAYS_SEARCH_USER_PATHS = NO;
				CLANG_ANALYZER_NONNULL = YES;
				CLANG_ANALYZER_NUMBER_OBJECT_CONVERSION = YES_AGGRESSIVE;
				CLANG_CXX_LANGUAGE_STANDARD = "gnu++17";
				CLANG_CXX_LIBRARY = "libc++";
				CLANG_ENABLE_MODULES = YES;
				CLANG_ENABLE_OBJC_ARC = YES;
				CLANG_ENABLE_OBJC_WEAK = YES;
				CLANG_WARN_BLOCK_CAPTURE_AUTORELEASING = YES;
				CLANG_WARN_BOOL_CONVERSION = YES;
				CLANG_WARN_COMMA = YES;
				CLANG_WARN_CONSTANT_CONVERSION = YES;
				CLANG_WARN_DEPRECATED_OBJC_IMPLEMENTATIONS = YES;
				CLANG_WARN_DIRECT_OBJC_ISA_USAGE = YES_ERROR;
				CLANG_WARN_DOCUMENTATION_COMMENTS = YES;
				CLANG_WARN_EMPTY_BODY = YES;
				CLANG_WARN_ENUM_CONVERSION = YES;
				CLANG_WARN_INFINITE_RECURSION = YES;
				CLANG_WARN_INT_CONVERSION = YES;
				CLANG_WARN_NON_LITERAL_NULL_CONVERSION = YES;
				CLANG_WARN_OBJC_IMPLICIT_RETAIN_SELF = YES;
				CLANG_WARN_OBJC_LITERAL_CONVERSION = YES;
				CLANG_WARN_OBJC_ROOT_CLASS = YES_ERROR;
				CLANG_WARN_QUOTED_INCLUDE_IN_FRAMEWORK_HEADER = YES;
				CLANG_WARN_RANGE_LOOP_ANALYSIS = YES;
				CLANG_WARN_STRICT_PROTOTYPES = YES;
				CLANG_WARN_SUSPICIOUS_MOVE = YES;
				CLANG_WARN_UNGUARDED_AVAILABILITY = YES_AGGRESSIVE;
				CLANG_WARN_UNREACHABLE_CODE = YES;
				CLANG_WARN__DUPLICATE_METHOD_MATCH = YES;
				COPY_PHASE_STRIP = NO;
				DEBUG_INFORMATION_FORMAT = "dwarf-with-dsym";
				ENABLE_NS_ASSERTIONS = NO;
				ENABLE_STRICT_OBJC_MSGSEND = YES;
				GCC_C_LANGUAGE_STANDARD = gnu11;
				GCC_NO_COMMON_BLOCKS = YES;
				GCC_WARN_64_TO_32_BIT_CONVERSION = YES;
				GCC_WARN_ABOUT_RETURN_TYPE = YES_ERROR;
				GCC_WARN_UNDECLARED_SELECTOR = YES;
				GCC_WARN_UNINITIALIZED_AUTOS = YES_AGGRESSIVE;
				GCC_WARN_UNUSED_FUNCTION = YES;
				GCC_WARN_UNUSED_VARIABLE = YES;
				IPHONEOS_DEPLOYMENT_TARGET = 14.0;
				MTL_ENABLE_DEBUG_INFO = NO;
				MTL_FAST_MATH = YES;
				SDKROOT = iphoneos;
				SWIFT_COMPILATION_MODE = wholemodule;
				SWIFT_OPTIMIZATION_LEVEL = "-O";
				VALIDATE_PRODUCT = YES;
			};
			name = Release;
		};
		414524C4277E60FB009FB40B /* Debug */ = {
			isa = XCBuildConfiguration;
			buildSettings = {
				ASSETCATALOG_COMPILER_APPICON_NAME = AppIcon;
				ASSETCATALOG_COMPILER_GLOBAL_ACCENT_COLOR_NAME = AccentColor;
				CODE_SIGN_IDENTITY = "iPhone Distribution";
				CODE_SIGN_STYLE = Manual;
				CURRENT_PROJECT_VERSION = 6;
				DEVELOPMENT_TEAM = EVMSWPGYSG;
				GENERATE_INFOPLIST_FILE = YES;
				INFOPLIST_FILE = TripPlanner/Info.plist;
				INFOPLIST_KEY_UIApplicationSupportsIndirectInputEvents = YES;
				INFOPLIST_KEY_UILaunchStoryboardName = LaunchScreen;
				INFOPLIST_KEY_UIMainStoryboardFile = Main;
				INFOPLIST_KEY_UISupportedInterfaceOrientations = UIInterfaceOrientationPortrait;
				INFOPLIST_KEY_UISupportedInterfaceOrientations_iPad = "UIInterfaceOrientationPortrait UIInterfaceOrientationPortraitUpsideDown UIInterfaceOrientationLandscapeLeft UIInterfaceOrientationLandscapeRight";
				INFOPLIST_KEY_UISupportedInterfaceOrientations_iPhone = "UIInterfaceOrientationPortrait UIInterfaceOrientationLandscapeLeft UIInterfaceOrientationLandscapeRight";
				IPHONEOS_DEPLOYMENT_TARGET = 14.0;
				LD_RUNPATH_SEARCH_PATHS = (
					"$(inherited)",
					"@executable_path/Frameworks",
				);
				MARKETING_VERSION = 1.0;
				PRODUCT_BUNDLE_IDENTIFIER = com.longnguyen.TripPlanningApp;
				PRODUCT_NAME = "$(TARGET_NAME)";
				PROVISIONING_PROFILE_SPECIFIER = "match AppStore com.longnguyen.TripPlanningApp";
				SWIFT_EMIT_LOC_STRINGS = YES;
				SWIFT_VERSION = 5.0;
				TARGETED_DEVICE_FAMILY = 1;
				TVOS_DEPLOYMENT_TARGET = 14.0;
			};
			name = Debug;
		};
		414524C5277E60FB009FB40B /* Release */ = {
			isa = XCBuildConfiguration;
			buildSettings = {
				ASSETCATALOG_COMPILER_APPICON_NAME = AppIcon;
				ASSETCATALOG_COMPILER_GLOBAL_ACCENT_COLOR_NAME = AccentColor;
				CODE_SIGN_IDENTITY = "iPhone Distribution";
				CODE_SIGN_STYLE = Manual;
				CURRENT_PROJECT_VERSION = 6;
				DEVELOPMENT_TEAM = EVMSWPGYSG;
				GENERATE_INFOPLIST_FILE = YES;
				INFOPLIST_FILE = TripPlanner/Info.plist;
				INFOPLIST_KEY_UIApplicationSupportsIndirectInputEvents = YES;
				INFOPLIST_KEY_UILaunchStoryboardName = LaunchScreen;
				INFOPLIST_KEY_UIMainStoryboardFile = Main;
				INFOPLIST_KEY_UISupportedInterfaceOrientations = UIInterfaceOrientationPortrait;
				INFOPLIST_KEY_UISupportedInterfaceOrientations_iPad = "UIInterfaceOrientationPortrait UIInterfaceOrientationPortraitUpsideDown UIInterfaceOrientationLandscapeLeft UIInterfaceOrientationLandscapeRight";
				INFOPLIST_KEY_UISupportedInterfaceOrientations_iPhone = "UIInterfaceOrientationPortrait UIInterfaceOrientationLandscapeLeft UIInterfaceOrientationLandscapeRight";
				IPHONEOS_DEPLOYMENT_TARGET = 14.0;
				LD_RUNPATH_SEARCH_PATHS = (
					"$(inherited)",
					"@executable_path/Frameworks",
				);
				MARKETING_VERSION = 1.0;
				PRODUCT_BUNDLE_IDENTIFIER = com.longnguyen.TripPlanningApp;
				PRODUCT_NAME = "$(TARGET_NAME)";
				PROVISIONING_PROFILE_SPECIFIER = "match AppStore com.longnguyen.TripPlanningApp";
				SWIFT_EMIT_LOC_STRINGS = YES;
				SWIFT_VERSION = 5.0;
				TARGETED_DEVICE_FAMILY = 1;
				TVOS_DEPLOYMENT_TARGET = 14.0;
			};
			name = Release;
		};
		414524C7277E60FB009FB40B /* Debug */ = {
			isa = XCBuildConfiguration;
			buildSettings = {
				ALWAYS_EMBED_SWIFT_STANDARD_LIBRARIES = YES;
				BUNDLE_LOADER = "$(TEST_HOST)";
				CODE_SIGN_STYLE = Automatic;
				CURRENT_PROJECT_VERSION = 6;
				DEVELOPMENT_TEAM = EVMSWPGYSG;
				GENERATE_INFOPLIST_FILE = YES;
				IPHONEOS_DEPLOYMENT_TARGET = 14.0;
				MARKETING_VERSION = 1.0;
				PRODUCT_BUNDLE_IDENTIFIER = com.longnguyen.TripPlanningApp.TripPlannerTests;
				PRODUCT_NAME = "$(TARGET_NAME)";
				SWIFT_EMIT_LOC_STRINGS = NO;
				SWIFT_VERSION = 5.0;
				TARGETED_DEVICE_FAMILY = "1,2";
				TEST_HOST = "$(BUILT_PRODUCTS_DIR)/TripPlanner.app/TripPlanner";
				TVOS_DEPLOYMENT_TARGET = 14.0;
			};
			name = Debug;
		};
		414524C8277E60FB009FB40B /* Release */ = {
			isa = XCBuildConfiguration;
			buildSettings = {
				ALWAYS_EMBED_SWIFT_STANDARD_LIBRARIES = YES;
				BUNDLE_LOADER = "$(TEST_HOST)";
				CODE_SIGN_STYLE = Automatic;
				CURRENT_PROJECT_VERSION = 6;
				DEVELOPMENT_TEAM = EVMSWPGYSG;
				GENERATE_INFOPLIST_FILE = YES;
				IPHONEOS_DEPLOYMENT_TARGET = 14.0;
				MARKETING_VERSION = 1.0;
				PRODUCT_BUNDLE_IDENTIFIER = com.longnguyen.TripPlanningApp.TripPlannerTests;
				PRODUCT_NAME = "$(TARGET_NAME)";
				SWIFT_EMIT_LOC_STRINGS = NO;
				SWIFT_VERSION = 5.0;
				TARGETED_DEVICE_FAMILY = "1,2";
				TEST_HOST = "$(BUILT_PRODUCTS_DIR)/TripPlanner.app/TripPlanner";
				TVOS_DEPLOYMENT_TARGET = 14.0;
			};
			name = Release;
		};
		414524CA277E60FB009FB40B /* Debug */ = {
			isa = XCBuildConfiguration;
			buildSettings = {
				ALWAYS_EMBED_SWIFT_STANDARD_LIBRARIES = YES;
				CODE_SIGN_STYLE = Automatic;
				CURRENT_PROJECT_VERSION = 6;
				DEVELOPMENT_TEAM = EVMSWPGYSG;
				GENERATE_INFOPLIST_FILE = YES;
				IPHONEOS_DEPLOYMENT_TARGET = 14.0;
				MARKETING_VERSION = 1.0;
				PRODUCT_BUNDLE_IDENTIFIER = com.longnguyen.TripPlanningApp.TripPlannerUITests;
				PRODUCT_NAME = "$(TARGET_NAME)";
				SWIFT_EMIT_LOC_STRINGS = NO;
				SWIFT_VERSION = 5.0;
				TARGETED_DEVICE_FAMILY = "1,2";
				TEST_TARGET_NAME = TripPlanner;
				TVOS_DEPLOYMENT_TARGET = 14.0;
			};
			name = Debug;
		};
		414524CB277E60FB009FB40B /* Release */ = {
			isa = XCBuildConfiguration;
			buildSettings = {
				ALWAYS_EMBED_SWIFT_STANDARD_LIBRARIES = YES;
				CODE_SIGN_STYLE = Automatic;
				CURRENT_PROJECT_VERSION = 6;
				DEVELOPMENT_TEAM = EVMSWPGYSG;
				GENERATE_INFOPLIST_FILE = YES;
				IPHONEOS_DEPLOYMENT_TARGET = 14.0;
				MARKETING_VERSION = 1.0;
				PRODUCT_BUNDLE_IDENTIFIER = com.longnguyen.TripPlanningApp.TripPlannerUITests;
				PRODUCT_NAME = "$(TARGET_NAME)";
				SWIFT_EMIT_LOC_STRINGS = NO;
				SWIFT_VERSION = 5.0;
				TARGETED_DEVICE_FAMILY = "1,2";
				TEST_TARGET_NAME = TripPlanner;
				TVOS_DEPLOYMENT_TARGET = 14.0;
			};
			name = Release;
		};
/* End XCBuildConfiguration section */

/* Begin XCConfigurationList section */
		41452494277E60F9009FB40B /* Build configuration list for PBXProject "TripPlanner" */ = {
			isa = XCConfigurationList;
			buildConfigurations = (
				414524C1277E60FB009FB40B /* Debug */,
				414524C2277E60FB009FB40B /* Release */,
			);
			defaultConfigurationIsVisible = 0;
			defaultConfigurationName = Release;
		};
		414524C3277E60FB009FB40B /* Build configuration list for PBXNativeTarget "TripPlanner" */ = {
			isa = XCConfigurationList;
			buildConfigurations = (
				414524C4277E60FB009FB40B /* Debug */,
				414524C5277E60FB009FB40B /* Release */,
			);
			defaultConfigurationIsVisible = 0;
			defaultConfigurationName = Release;
		};
		414524C6277E60FB009FB40B /* Build configuration list for PBXNativeTarget "TripPlannerTests" */ = {
			isa = XCConfigurationList;
			buildConfigurations = (
				414524C7277E60FB009FB40B /* Debug */,
				414524C8277E60FB009FB40B /* Release */,
			);
			defaultConfigurationIsVisible = 0;
			defaultConfigurationName = Release;
		};
		414524C9277E60FB009FB40B /* Build configuration list for PBXNativeTarget "TripPlannerUITests" */ = {
			isa = XCConfigurationList;
			buildConfigurations = (
				414524CA277E60FB009FB40B /* Debug */,
				414524CB277E60FB009FB40B /* Release */,
			);
			defaultConfigurationIsVisible = 0;
			defaultConfigurationName = Release;
		};
/* End XCConfigurationList section */
	};
	rootObject = 41452491277E60F9009FB40B /* Project object */;
}
